
Microsoft Visual Studio Solution File, Format Version 12.00
# Visual Studio Version 16
VisualStudioVersion = 16.0.31005.135
MinimumVisualStudioVersion = 10.0.40219.1
Project("{FAE04EC0-301F-11D3-BF4B-00C04F79EFBC}") = "Exercice_Class2", "Exercice_Class2\Exercice_Class2.csproj", "{3DEF29B6-792D-4FC8-82EB-644632904836}"
EndProject
Global
	GlobalSection(SolutionConfigurationPlatforms) = preSolution
		Debug|Any CPU = Debug|Any CPU
		Release|Any CPU = Release|Any CPU
	EndGlobalSection
	GlobalSection(ProjectConfigurationPlatforms) = postSolution
		{3DEF29B6-792D-4FC8-82EB-644632904836}.Debug|Any CPU.ActiveCfg = Debug|Any CPU
		{3DEF29B6-792D-4FC8-82EB-644632904836}.Debug|Any CPU.Build.0 = Debug|Any CPU
		{3DEF29B6-792D-4FC8-82EB-644632904836}.Release|Any CPU.ActiveCfg = Release|Any CPU
		{3DEF29B6-792D-4FC8-82EB-644632904836}.Release|Any CPU.Build.0 = Release|Any CPU
	EndGlobalSection
	GlobalSection(SolutionProperties) = preSolution
		HideSolutionNode = FALSE
	EndGlobalSection
	GlobalSection(ExtensibilityGlobals) = postSolution
		SolutionGuid = {36466696-A07A-4D4A-A6C8-8FDF5C337860}
	EndGlobalSection
EndGlobal
